
Microsoft Visual Studio Solution File, Format Version 12.00
# Visual Studio Version 17
VisualStudioVersion = 17.10.35122.118
MinimumVisualStudioVersion = 10.0.40219.1
Project("{FAE04EC0-301F-11D3-BF4B-00C04F79EFBC}") = "Labb 3 – API", "Labb 3 – API.csproj", "{008BBDB9-7515-460C-A378-CD062FE83AA9}"
EndProject
Global
	GlobalSection(SolutionConfigurationPlatforms) = preSolution
		Debug|Any CPU = Debug|Any CPU
		Release|Any CPU = Release|Any CPU
	EndGlobalSection
	GlobalSection(ProjectConfigurationPlatforms) = postSolution
		{008BBDB9-7515-460C-A378-CD062FE83AA9}.Debug|Any CPU.ActiveCfg = Debug|Any CPU
		{008BBDB9-7515-460C-A378-CD062FE83AA9}.Debug|Any CPU.Build.0 = Debug|Any CPU
		{008BBDB9-7515-460C-A378-CD062FE83AA9}.Release|Any CPU.ActiveCfg = Release|Any CPU
		{008BBDB9-7515-460C-A378-CD062FE83AA9}.Release|Any CPU.Build.0 = Release|Any CPU
	EndGlobalSection
	GlobalSection(SolutionProperties) = preSolution
		HideSolutionNode = FALSE
	EndGlobalSection
	GlobalSection(ExtensibilityGlobals) = postSolution
		SolutionGuid = {92F19A05-BFC2-40FA-8E23-B19CB7C9125F}
	EndGlobalSection
EndGlobal
